Microsoft Visual Studio Solution File, Format Version 12.00
# Visual Studio Version 17
VisualStudioVersion = 17.5.2.0
MinimumVisualStudioVersion = 10.0.40219.1
Project("{FAE04EC0-301F-11D3-BF4B-00C04F79EFBC}") = "saladafitness", "saladafitness.csproj", "{0A4A45D5-92B8-1190-F9B4-6DBC847B2D01}"
EndProject
Global
	GlobalSection(SolutionConfigurationPlatforms) = preSolution
		Debug|Any CPU = Debug|Any CPU
		Release|Any CPU = Release|Any CPU
	EndGlobalSection
	GlobalSection(ProjectConfigurationPlatforms) = postSolution
		{0A4A45D5-92B8-1190-F9B4-6DBC847B2D01}.Debug|Any CPU.ActiveCfg = Debug|Any CPU
		{0A4A45D5-92B8-1190-F9B4-6DBC847B2D01}.Debug|Any CPU.Build.0 = Debug|Any CPU
		{0A4A45D5-92B8-1190-F9B4-6DBC847B2D01}.Release|Any CPU.ActiveCfg = Release|Any CPU
		{0A4A45D5-92B8-1190-F9B4-6DBC847B2D01}.Release|Any CPU.Build.0 = Release|Any CPU
	EndGlobalSection
	GlobalSection(SolutionProperties) = preSolution
		HideSolutionNode = FALSE
	EndGlobalSection
	GlobalSection(ExtensibilityGlobals) = postSolution
		SolutionGuid = {C79673D4-8C3D-4B0F-AC8A-210681C33F7F}
	EndGlobalSection
EndGlobal
